# @generated by Move, please check-in and do not edit manually.

[move]
version = 0
manifest_digest = "D2A32E2D4E0FBC83C668F8979EC4BABF7F948594941BE013BF019CD4EAA5B5DD"
deps_digest = "D2B2FEC8361D879AA17261FCF80C2262E06609AE5C221299B0DBA96447DA142D"

dependencies = [
  { name = "Sui" },
  { name = "swap" },
]

[[move.package]]
name = "MoveStdlib"
source = { local = "../../../../sui/crates/sui-framework/packages/move-stdlib" }

[[move.package]]
name = "Sui"
source = { local = "../../../../sui/crates/sui-framework/packages/sui-framework" }

dependencies = [
  { name = "MoveStdlib" },
]

[[move.package]]
name = "swap"
source = { local = ".." }

dependencies = [
  { name = "Sui" },
]
